
Microsoft Visual Studio Solution File, Format Version 12.00
# Visual Studio Version 17
VisualStudioVersion = 17.14.37027.9 d17.14
MinimumVisualStudioVersion = 10.0.40219.1
Project("{8BC9CEB8-8B4A-11D0-8D11-00A0C91BC942}") = "문제1", "문제1\문제1.vcxproj", "{57D48C21-2174-4E68-9158-BD2238CF0701}"
EndProject
Project("{8BC9CEB8-8B4A-11D0-8D11-00A0C91BC942}") = "문제2", "문제2\문제2.vcxproj", "{AE258860-6294-4FA3-8BFF-4012CC9A45F2}"
EndProject
Project("{8BC9CEB8-8B4A-11D0-8D11-00A0C91BC942}") = "문제3", "문제3\문제3.vcxproj", "{B97082EF-021E-4D24-8530-D16754897B00}"
EndProject
Project("{8BC9CEB8-8B4A-11D0-8D11-00A0C91BC942}") = "문제4", "문제4\문제4.vcxproj", "{0713D08A-FABD-48F6-8A06-AC3BB541894C}"
EndProject
Global
	GlobalSection(SolutionConfigurationPlatforms) = preSolution
		Debug|x64 = Debug|x64
		Debug|x86 = Debug|x86
		Release|x64 = Release|x64
		Release|x86 = Release|x86
	EndGlobalSection
	GlobalSection(ProjectConfigurationPlatforms) = postSolution
		{57D48C21-2174-4E68-9158-BD2238CF0701}.Debug|x64.ActiveCfg = Debug|x64
		{57D48C21-2174-4E68-9158-BD2238CF0701}.Debug|x64.Build.0 = Debug|x64
		{57D48C21-2174-4E68-9158-BD2238CF0701}.Debug|x86.ActiveCfg = Debug|Win32
		{57D48C21-2174-4E68-9158-BD2238CF0701}.Debug|x86.Build.0 = Debug|Win32
		{57D48C21-2174-4E68-9158-BD2238CF0701}.Release|x64.ActiveCfg = Release|x64
		{57D48C21-2174-4E68-9158-BD2238CF0701}.Release|x64.Build.0 = Release|x64
		{57D48C21-2174-4E68-9158-BD2238CF0701}.Release|x86.ActiveCfg = Release|Win32
		{57D48C21-2174-4E68-9158-BD2238CF0701}.Release|x86.Build.0 = Release|Win32
		{AE258860-6294-4FA3-8BFF-4012CC9A45F2}.Debug|x64.ActiveCfg = Debug|x64
		{AE258860-6294-4FA3-8BFF-4012CC9A45F2}.Debug|x64.Build.0 = Debug|x64
		{AE258860-6294-4FA3-8BFF-4012CC9A45F2}.Debug|x86.ActiveCfg = Debug|Win32
		{AE258860-6294-4FA3-8BFF-4012CC9A45F2}.Debug|x86.Build.0 = Debug|Win32
		{AE258860-6294-4FA3-8BFF-4012CC9A45F2}.Release|x64.ActiveCfg = Release|x64
		{AE258860-6294-4FA3-8BFF-4012CC9A45F2}.Release|x64.Build.0 = Release|x64
		{AE258860-6294-4FA3-8BFF-4012CC9A45F2}.Release|x86.ActiveCfg = Release|Win32
		{AE258860-6294-4FA3-8BFF-4012CC9A45F2}.Release|x86.Build.0 = Release|Win32
		{B97082EF-021E-4D24-8530-D16754897B00}.Debug|x64.ActiveCfg = Debug|x64
		{B97082EF-021E-4D24-8530-D16754897B00}.Debug|x64.Build.0 = Debug|x64
		{B97082EF-021E-4D24-8530-D16754897B00}.Debug|x86.ActiveCfg = Debug|Win32
		{B97082EF-021E-4D24-8530-D16754897B00}.Debug|x86.Build.0 = Debug|Win32
		{B97082EF-021E-4D24-8530-D16754897B00}.Release|x64.ActiveCfg = Release|x64
		{B97082EF-021E-4D24-8530-D16754897B00}.Release|x64.Build.0 = Release|x64
		{B97082EF-021E-4D24-8530-D16754897B00}.Release|x86.ActiveCfg = Release|Win32
		{B97082EF-021E-4D24-8530-D16754897B00}.Release|x86.Build.0 = Release|Win32
		{0713D08A-FABD-48F6-8A06-AC3BB541894C}.Debug|x64.ActiveCfg = Debug|x64
		{0713D08A-FABD-48F6-8A06-AC3BB541894C}.Debug|x64.Build.0 = Debug|x64
		{0713D08A-FABD-48F6-8A06-AC3BB541894C}.Debug|x86.ActiveCfg = Debug|Win32
		{0713D08A-FABD-48F6-8A06-AC3BB541894C}.Debug|x86.Build.0 = Debug|Win32
		{0713D08A-FABD-48F6-8A06-AC3BB541894C}.Release|x64.ActiveCfg = Release|x64
		{0713D08A-FABD-48F6-8A06-AC3BB541894C}.Release|x64.Build.0 = Release|x64
		{0713D08A-FABD-48F6-8A06-AC3BB541894C}.Release|x86.ActiveCfg = Release|Win32
		{0713D08A-FABD-48F6-8A06-AC3BB541894C}.Release|x86.Build.0 = Release|Win32
	EndGlobalSection
	GlobalSection(SolutionProperties) = preSolution
		HideSolutionNode = FALSE
	EndGlobalSection
	GlobalSection(ExtensibilityGlobals) = postSolution
		SolutionGuid = {88A48EFC-B14F-4539-A5AB-C807F2DBCB8F}
	EndGlobalSection
EndGlobal
